# THIS IS AN AUTOGENERATED FILE. DO NOT EDIT THIS FILE DIRECTLY.
# yarn lockfile v1


"@biomejs/biome@2.3.10":
  version "2.3.10"
  resolved "https://registry.yarnpkg.com/@biomejs/biome/-/biome-2.3.10.tgz#19059a29306081f2c0e095bdb26c91c8c7e3970a"
  integrity sha512-/uWSUd1MHX2fjqNLHNL6zLYWBbrJeG412/8H7ESuK8ewoRoMPUgHDebqKrPTx/5n6f17Xzqc9hdg3MEqA5hXnQ==
  optionalDependencies:
    "@biomejs/cli-darwin-arm64" "2.3.10"
    "@biomejs/cli-darwin-x64" "2.3.10"
    "@biomejs/cli-linux-arm64" "2.3.10"
    "@biomejs/cli-linux-arm64-musl" "2.3.10"
    "@biomejs/cli-linux-x64" "2.3.10"
    "@biomejs/cli-linux-x64-musl" "2.3.10"
    "@biomejs/cli-win32-arm64" "2.3.10"
    "@biomejs/cli-win32-x64" "2.3.10"

"@biomejs/cli-darwin-arm64@2.3.10":
  version "2.3.10"
  resolved "https://registry.yarnpkg.com/@biomejs/cli-darwin-arm64/-/cli-darwin-arm64-2.3.10.tgz#94d587738e1ee84b0e376f8ec73f220e15f6e785"
  integrity sha512-M6xUjtCVnNGFfK7HMNKa593nb7fwNm43fq1Mt71kpLpb+4mE7odO8W/oWVDyBVO4ackhresy1ZYO7OJcVo/B7w==

"@biomejs/cli-darwin-x64@2.3.10":
  version "2.3.10"
  resolved "https://registry.yarnpkg.com/@biomejs/cli-darwin-x64/-/cli-darwin-x64-2.3.10.tgz#8a65aae0d323542f6082f6873965df04da50cb09"
  integrity sha512-Vae7+V6t/Avr8tVbFNjnFSTKZogZHFYl7MMH62P/J1kZtr0tyRQ9Fe0onjqjS2Ek9lmNLmZc/VR5uSekh+p1fg==

"@biomejs/cli-linux-arm64-musl@2.3.10":
  version "2.3.10"
  resolved "https://registry.yarnpkg.com/@biomejs/cli-linux-arm64-musl/-/cli-linux-arm64-musl-2.3.10.tgz#23af18ae2333cfab31fda88145287b112b918d4d"
  integrity sha512-B9DszIHkuKtOH2IFeeVkQmSMVUjss9KtHaNXquYYWCjH8IstNgXgx5B0aSBQNr6mn4RcKKRQZXn9Zu1rM3O0/A==

"@biomejs/cli-linux-arm64@2.3.10":
  version "2.3.10"
  resolved "https://registry.yarnpkg.com/@biomejs/cli-linux-arm64/-/cli-linux-arm64-2.3.10.tgz#075122503ade20ec78c3591c3f6af598094de693"
  integrity sha512-hhPw2V3/EpHKsileVOFynuWiKRgFEV48cLe0eA+G2wO4SzlwEhLEB9LhlSrVeu2mtSn205W283LkX7Fh48CaxA==

"@biomejs/cli-linux-x64-musl@2.3.10":
  version "2.3.10"
  resolved "https://registry.yarnpkg.com/@biomejs/cli-linux-x64-musl/-/cli-linux-x64-musl-2.3.10.tgz#18910580d674305c92abc56001475a62b0f51362"
  integrity sha512-QTfHZQh62SDFdYc2nfmZFuTm5yYb4eO1zwfB+90YxUumRCR171tS1GoTX5OD0wrv4UsziMPmrePMtkTnNyYG3g==

"@biomejs/cli-linux-x64@2.3.10":
  version "2.3.10"
  resolved "https://registry.yarnpkg.com/@biomejs/cli-linux-x64/-/cli-linux-x64-2.3.10.tgz#e582f7c336fc9bed5490ce8c344a4f54acd4dd18"
  integrity sha512-wwAkWD1MR95u+J4LkWP74/vGz+tRrIQvr8kfMMJY8KOQ8+HMVleREOcPYsQX82S7uueco60L58Wc6M1I9WA9Dw==

"@biomejs/cli-win32-arm64@2.3.10":
  version "2.3.10"
  resolved "https://registry.yarnpkg.com/@biomejs/cli-win32-arm64/-/cli-win32-arm64-2.3.10.tgz#d103a5039ea8bbca4ad8fe015585367026eac606"
  integrity sha512-o7lYc9n+CfRbHvkjPhm8s9FgbKdYZu5HCcGVMItLjz93EhgJ8AM44W+QckDqLA9MKDNFrR8nPbO4b73VC5kGGQ==

"@biomejs/cli-win32-x64@2.3.10":
  version "2.3.10"
  resolved "https://registry.yarnpkg.com/@biomejs/cli-win32-x64/-/cli-win32-x64-2.3.10.tgz#19e5c86cf6e91290154afa7e44ca53ce18d7e910"
  integrity sha512-pHEFgq7dUEsKnqG9mx9bXihxGI49X+ar+UBrEIj3Wqj3UCZp1rNgV+OoyjFgcXsjCWpuEAF4VJdkZr3TrWdCbQ==

"@faker-js/faker@^10.2.0":
  version "10.2.0"
  resolved "https://registry.yarnpkg.com/@faker-js/faker/-/faker-10.2.0.tgz#91028d4086969825795de331c305e8b91414bcb7"
  integrity sha512-rTXwAsIxpCqzUnZvrxVh3L0QA0NzToqWBLAhV+zDV3MIIwiQhAZHMdPCIaj5n/yADu/tyk12wIPgL6YHGXJP+g==

"@playwright/test@1.57.0":
  version "1.57.0"
  resolved "https://registry.yarnpkg.com/@playwright/test/-/test-1.57.0.tgz#a14720ffa9ed7ef7edbc1f60784fc6134acbb003"
  integrity sha512-6TyEnHgd6SArQO8UO2OMTxshln3QMWBtPGrOCgs3wVEmQmwyuNtB10IZMfmYDE0riwNR1cu4q+pPcxMVtaG3TA==
  dependencies:
    playwright "1.57.0"

"@types/node@^25.0.2":
  version "25.1.0"
  resolved "https://registry.yarnpkg.com/@types/node/-/node-25.1.0.tgz#95cc584f1f478301efc86de4f1867e5875e83571"
  integrity sha512-t7frlewr6+cbx+9Ohpl0NOTKXZNV9xHRmNOvql47BFJKcEG1CxtxlPEEe+gR9uhVWM4DwhnvTF110mIL4yP9RA==
  dependencies:
    undici-types "~7.16.0"

dotenv@^17.2.3:
  version "17.2.3"
  resolved "https://registry.yarnpkg.com/dotenv/-/dotenv-17.2.3.tgz#ad995d6997f639b11065f419a22fabf567cdb9a2"
  integrity sha512-JVUnt+DUIzu87TABbhPmNfVdBDt18BLOWjMUFJMSi/Qqg7NTYtabbvSNJGOJ7afbRuv9D/lngizHtP7QyLQ+9w==

fsevents@2.3.2:
  version "2.3.2"
  resolved "https://registry.yarnpkg.com/fsevents/-/fsevents-2.3.2.tgz#8a526f78b8fdf4623b709e0b975c52c24c02fd1a"
  integrity sha512-xiqMQR4xAeHTuB9uWm+fFRcIOgKBMiOBP+eXiyT7jsgVCq1bkVygt00oASowB7EdtpOHaaPgKt812P9ab+DDKA==

playwright-core@1.57.0:
  version "1.57.0"
  resolved "https://registry.yarnpkg.com/playwright-core/-/playwright-core-1.57.0.tgz#3dcc9a865af256fa9f0af0d67fc8dd54eecaebf5"
  integrity sha512-agTcKlMw/mjBWOnD6kFZttAAGHgi/Nw0CZ2o6JqWSbMlI219lAFLZZCyqByTsvVAJq5XA5H8cA6PrvBRpBWEuQ==

playwright@1.57.0:
  version "1.57.0"
  resolved "https://registry.yarnpkg.com/playwright/-/playwright-1.57.0.tgz#74d1dacff5048dc40bf4676940b1901e18ad0f46"
  integrity sha512-ilYQj1s8sr2ppEJ2YVadYBN0Mb3mdo9J0wQ+UuDhzYqURwSoW4n1Xs5vs7ORwgDGmyEh33tRMeS8KhdkMoLXQw==
  dependencies:
    playwright-core "1.57.0"
  optionalDependencies:
    fsevents "2.3.2"

typescript@^5.9.3:
  version "5.9.3"
  resolved "https://registry.yarnpkg.com/typescript/-/typescript-5.9.3.tgz#5b4f59e15310ab17a216f5d6cf53ee476ede670f"
  integrity sha512-jl1vZzPDinLr9eUt3J/t7V6FgNEw9QjvBPdysz9KfQDD41fQrC2Y4vKQdiaUpFT4bXlb1RHhLpp8wtm6M5TgSw==

undici-types@~7.16.0:
  version "7.16.0"
  resolved "https://registry.yarnpkg.com/undici-types/-/undici-types-7.16.0.tgz#ffccdff36aea4884cbfce9a750a0580224f58a46"
  integrity sha512-Zz+aZWSj8LE6zoxD+xrjh4VfkIG8Ya6LvYkZqtUQGJPZjYl53ypCaUwWqo7eI0x66KBGeRo+mlBEkMSeSZ38Nw==
